
Microsoft Visual Studio Solution File, Format Version 12.00
# Visual Studio Version 17
VisualStudioVersion = 17.5.33627.172
MinimumVisualStudioVersion = 10.0.40219.1
Project("{FAE04EC0-301F-11D3-BF4B-00C04F79EFBC}") = "Hospital Administration and Appointment System prj", "Hospital Administration and Appointment System prj\Hospital Administration and Appointment System prj.csproj", "{FD1286D8-273C-489D-A85F-1E5BD883D512}"
EndProject
Global
	GlobalSection(SolutionConfigurationPlatforms) = preSolution
		Debug|Any CPU = Debug|Any CPU
		Release|Any CPU = Release|Any CPU
	EndGlobalSection
	GlobalSection(ProjectConfigurationPlatforms) = postSolution
		{FD1286D8-273C-489D-A85F-1E5BD883D512}.Debug|Any CPU.ActiveCfg = Debug|Any CPU
		{FD1286D8-273C-489D-A85F-1E5BD883D512}.Debug|Any CPU.Build.0 = Debug|Any CPU
		{FD1286D8-273C-489D-A85F-1E5BD883D512}.Release|Any CPU.ActiveCfg = Release|Any CPU
		{FD1286D8-273C-489D-A85F-1E5BD883D512}.Release|Any CPU.Build.0 = Release|Any CPU
	EndGlobalSection
	GlobalSection(SolutionProperties) = preSolution
		HideSolutionNode = FALSE
	EndGlobalSection
	GlobalSection(ExtensibilityGlobals) = postSolution
		SolutionGuid = {19CAAC25-CC42-427B-8BAE-9AAE45EAEA72}
	EndGlobalSection
EndGlobal
